
Microsoft Visual Studio Solution File, Format Version 12.00
# Visual Studio Version 17
VisualStudioVersion = 17.4.33213.308
MinimumVisualStudioVersion = 10.0.40219.1
Project("{9A19103F-16F7-4668-BE54-9A1E7A4F7556}") = "QmsBackend", "QmsBackend\QmsBackend.csproj", "{1FC68B77-A4AD-47D2-B8B0-3A744EB88C21}"
EndProject
Project("{9A19103F-16F7-4668-BE54-9A1E7A4F7556}") = "DomainLayer", "DomainLayer\DomainLayer.csproj", "{2D88410A-4B46-4EBA-8036-C625B1D79003}"
EndProject
Project("{9A19103F-16F7-4668-BE54-9A1E7A4F7556}") = "ApplicationLayer", "ApplicationLayer\ApplicationLayer.csproj", "{B7BF5235-B0FE-4268-915E-C9287B1FB6DA}"
EndProject
Project("{9A19103F-16F7-4668-BE54-9A1E7A4F7556}") = "Infrastucture", "Infrastucture\Infrastucture.csproj", "{0E0B7C8D-B3C1-4606-8FC8-9050189D3010}"
EndProject
Global
	GlobalSection(SolutionConfigurationPlatforms) = preSolution
		Debug|Any CPU = Debug|Any CPU
		Release|Any CPU = Release|Any CPU
	EndGlobalSection
	GlobalSection(ProjectConfigurationPlatforms) = postSolution
		{1FC68B77-A4AD-47D2-B8B0-3A744EB88C21}.Debug|Any CPU.ActiveCfg = Debug|Any CPU
		{1FC68B77-A4AD-47D2-B8B0-3A744EB88C21}.Debug|Any CPU.Build.0 = Debug|Any CPU
		{1FC68B77-A4AD-47D2-B8B0-3A744EB88C21}.Release|Any CPU.ActiveCfg = Release|Any CPU
		{1FC68B77-A4AD-47D2-B8B0-3A744EB88C21}.Release|Any CPU.Build.0 = Release|Any CPU
		{2D88410A-4B46-4EBA-8036-C625B1D79003}.Debug|Any CPU.ActiveCfg = Debug|Any CPU
		{2D88410A-4B46-4EBA-8036-C625B1D79003}.Debug|Any CPU.Build.0 = Debug|Any CPU
		{2D88410A-4B46-4EBA-8036-C625B1D79003}.Release|Any CPU.ActiveCfg = Release|Any CPU
		{2D88410A-4B46-4EBA-8036-C625B1D79003}.Release|Any CPU.Build.0 = Release|Any CPU
		{B7BF5235-B0FE-4268-915E-C9287B1FB6DA}.Debug|Any CPU.ActiveCfg = Debug|Any CPU
		{B7BF5235-B0FE-4268-915E-C9287B1FB6DA}.Debug|Any CPU.Build.0 = Debug|Any CPU
		{B7BF5235-B0FE-4268-915E-C9287B1FB6DA}.Release|Any CPU.ActiveCfg = Release|Any CPU
		{B7BF5235-B0FE-4268-915E-C9287B1FB6DA}.Release|Any CPU.Build.0 = Release|Any CPU
		{0E0B7C8D-B3C1-4606-8FC8-9050189D3010}.Debug|Any CPU.ActiveCfg = Debug|Any CPU
		{0E0B7C8D-B3C1-4606-8FC8-9050189D3010}.Debug|Any CPU.Build.0 = Debug|Any CPU
		{0E0B7C8D-B3C1-4606-8FC8-9050189D3010}.Release|Any CPU.ActiveCfg = Release|Any CPU
		{0E0B7C8D-B3C1-4606-8FC8-9050189D3010}.Release|Any CPU.Build.0 = Release|Any CPU
	EndGlobalSection
	GlobalSection(SolutionProperties) = preSolution
		HideSolutionNode = FALSE
	EndGlobalSection
	GlobalSection(ExtensibilityGlobals) = postSolution
		SolutionGuid = {620D2668-346A-40B5-9B11-49C88AFC56BD}
	EndGlobalSection
EndGlobal
